
Microsoft Visual Studio Solution File, Format Version 12.00
# Visual Studio 15
VisualStudioVersion = 15.0.28307.902
MinimumVisualStudioVersion = 10.0.40219.1
Project("{8BC9CEB8-8B4A-11D0-8D11-00A0C91BC942}") = "B1", "Lab1\Lab1.vcxproj", "{28055260-BD1E-4EAC-9B58-C8F98D88E7E9}"
EndProject
Project("{8BC9CEB8-8B4A-11D0-8D11-00A0C91BC942}") = "B2", "B2\B2.vcxproj", "{CAD20B97-E330-4B3A-BF59-4C20E43CBE9B}"
EndProject
Project("{8BC9CEB8-8B4A-11D0-8D11-00A0C91BC942}") = "B3", "B3\B3.vcxproj", "{A1B2671E-F48D-462C-B64B-BFE9320CC073}"
EndProject
Project("{8BC9CEB8-8B4A-11D0-8D11-00A0C91BC942}") = "B4", "B4\B4.vcxproj", "{A943A4A8-F633-4496-84F6-9ADF7D73CD9B}"
EndProject
Project("{8BC9CEB8-8B4A-11D0-8D11-00A0C91BC942}") = "B5", "B5\B5.vcxproj", "{A21F9A35-035F-4A70-A4AE-2154E31BBE52}"
EndProject
Project("{8BC9CEB8-8B4A-11D0-8D11-00A0C91BC942}") = "B6", "B6\B6.vcxproj", "{FF0D4ADC-B4B8-44CD-9E52-51A907E54364}"
EndProject
Project("{8BC9CEB8-8B4A-11D0-8D11-00A0C91BC942}") = "B7", "B7\B7.vcxproj", "{85B3F5C7-2491-4547-B785-5E68BC2505CE}"
EndProject
Project("{8BC9CEB8-8B4A-11D0-8D11-00A0C91BC942}") = "B8", "B8\B8.vcxproj", "{A6CBE005-CA2A-4E3F-B83E-113176770C35}"
EndProject
Project("{8BC9CEB8-8B4A-11D0-8D11-00A0C91BC942}") = "B9", "B9\B9.vcxproj", "{FD6A5B76-130B-403C-B7C4-F52D0282EC6B}"
EndProject
Project("{8BC9CEB8-8B4A-11D0-8D11-00A0C91BC942}") = "B10", "B10\B10.vcxproj", "{FEBA87BC-0463-4B8F-8B6D-39ADD80C11BC}"
EndProject
Project("{8BC9CEB8-8B4A-11D0-8D11-00A0C91BC942}") = "B11", "B11\B11.vcxproj", "{442C5AE1-C000-4CCE-8BB0-3B05EAB0EAFF}"
EndProject
Project("{8BC9CEB8-8B4A-11D0-8D11-00A0C91BC942}") = "B12", "B12\B12.vcxproj", "{8E912348-1858-4718-A127-D279619A850B}"
EndProject
Project("{8BC9CEB8-8B4A-11D0-8D11-00A0C91BC942}") = "B13", "B13\B13.vcxproj", "{AA24DA95-E4C8-43AC-B8B4-DBDB3FFD136C}"
EndProject
Project("{8BC9CEB8-8B4A-11D0-8D11-00A0C91BC942}") = "B14", "B14\B14.vcxproj", "{2D55C1FE-6554-4941-9960-8825AC4E2926}"
EndProject
Project("{2150E333-8FDC-42A3-9474-1A3956D46DE8}") = "Solution Items", "Solution Items", "{30DA9269-EFF7-4B01-81B5-DD0F0F537F36}"
	ProjectSection(SolutionItems) = preProject
		NOTE.txt = NOTE.txt
	EndProjectSection
EndProject
Project("{8BC9CEB8-8B4A-11D0-8D11-00A0C91BC942}") = "B15", "B15\B15.vcxproj", "{558A1D27-5E19-4F60-9E9A-2940B5F88AD5}"
EndProject
Global
	GlobalSection(SolutionConfigurationPlatforms) = preSolution
		Debug|x64 = Debug|x64
		Debug|x86 = Debug|x86
		Release|x64 = Release|x64
		Release|x86 = Release|x86
	EndGlobalSection
	GlobalSection(ProjectConfigurationPlatforms) = postSolution
		{28055260-BD1E-4EAC-9B58-C8F98D88E7E9}.Debug|x64.ActiveCfg = Debug|x64
		{28055260-BD1E-4EAC-9B58-C8F98D88E7E9}.Debug|x64.Build.0 = Debug|x64
		{28055260-BD1E-4EAC-9B58-C8F98D88E7E9}.Debug|x86.ActiveCfg = Debug|Win32
		{28055260-BD1E-4EAC-9B58-C8F98D88E7E9}.Debug|x86.Build.0 = Debug|Win32
		{28055260-BD1E-4EAC-9B58-C8F98D88E7E9}.Release|x64.ActiveCfg = Release|x64
		{28055260-BD1E-4EAC-9B58-C8F98D88E7E9}.Release|x64.Build.0 = Release|x64
		{28055260-BD1E-4EAC-9B58-C8F98D88E7E9}.Release|x86.ActiveCfg = Release|Win32
		{28055260-BD1E-4EAC-9B58-C8F98D88E7E9}.Release|x86.Build.0 = Release|Win32
		{CAD20B97-E330-4B3A-BF59-4C20E43CBE9B}.Debug|x64.ActiveCfg = Debug|x64
		{CAD20B97-E330-4B3A-BF59-4C20E43CBE9B}.Debug|x64.Build.0 = Debug|x64
		{CAD20B97-E330-4B3A-BF59-4C20E43CBE9B}.Debug|x86.ActiveCfg = Debug|Win32
		{CAD20B97-E330-4B3A-BF59-4C20E43CBE9B}.Debug|x86.Build.0 = Debug|Win32
		{CAD20B97-E330-4B3A-BF59-4C20E43CBE9B}.Release|x64.ActiveCfg = Release|x64
		{CAD20B97-E330-4B3A-BF59-4C20E43CBE9B}.Release|x64.Build.0 = Release|x64
		{CAD20B97-E330-4B3A-BF59-4C20E43CBE9B}.Release|x86.ActiveCfg = Release|Win32
		{CAD20B97-E330-4B3A-BF59-4C20E43CBE9B}.Release|x86.Build.0 = Release|Win32
		{A1B2671E-F48D-462C-B64B-BFE9320CC073}.Debug|x64.ActiveCfg = Debug|x64
		{A1B2671E-F48D-462C-B64B-BFE9320CC073}.Debug|x64.Build.0 = Debug|x64
		{A1B2671E-F48D-462C-B64B-BFE9320CC073}.Debug|x86.ActiveCfg = Debug|Win32
		{A1B2671E-F48D-462C-B64B-BFE9320CC073}.Debug|x86.Build.0 = Debug|Win32
		{A1B2671E-F48D-462C-B64B-BFE9320CC073}.Release|x64.ActiveCfg = Release|x64
		{A1B2671E-F48D-462C-B64B-BFE9320CC073}.Release|x64.Build.0 = Release|x64
		{A1B2671E-F48D-462C-B64B-BFE9320CC073}.Release|x86.ActiveCfg = Release|Win32
		{A1B2671E-F48D-462C-B64B-BFE9320CC073}.Release|x86.Build.0 = Release|Win32
		{A943A4A8-F633-4496-84F6-9ADF7D73CD9B}.Debug|x64.ActiveCfg = Debug|x64
		{A943A4A8-F633-4496-84F6-9ADF7D73CD9B}.Debug|x64.Build.0 = Debug|x64
		{A943A4A8-F633-4496-84F6-9ADF7D73CD9B}.Debug|x86.ActiveCfg = Debug|Win32
		{A943A4A8-F633-4496-84F6-9ADF7D73CD9B}.Debug|x86.Build.0 = Debug|Win32
		{A943A4A8-F633-4496-84F6-9ADF7D73CD9B}.Release|x64.ActiveCfg = Release|x64
		{A943A4A8-F633-4496-84F6-9ADF7D73CD9B}.Release|x64.Build.0 = Release|x64
		{A943A4A8-F633-4496-84F6-9ADF7D73CD9B}.Release|x86.ActiveCfg = Release|Win32
		{A943A4A8-F633-4496-84F6-9ADF7D73CD9B}.Release|x86.Build.0 = Release|Win32
		{A21F9A35-035F-4A70-A4AE-2154E31BBE52}.Debug|x64.ActiveCfg = Debug|x64
		{A21F9A35-035F-4A70-A4AE-2154E31BBE52}.Debug|x64.Build.0 = Debug|x64
		{A21F9A35-035F-4A70-A4AE-2154E31BBE52}.Debug|x86.ActiveCfg = Debug|Win32
		{A21F9A35-035F-4A70-A4AE-2154E31BBE52}.Debug|x86.Build.0 = Debug|Win32
		{A21F9A35-035F-4A70-A4AE-2154E31BBE52}.Release|x64.ActiveCfg = Release|x64
		{A21F9A35-035F-4A70-A4AE-2154E31BBE52}.Release|x64.Build.0 = Release|x64
		{A21F9A35-035F-4A70-A4AE-2154E31BBE52}.Release|x86.ActiveCfg = Release|Win32
		{A21F9A35-035F-4A70-A4AE-2154E31BBE52}.Release|x86.Build.0 = Release|Win32
		{FF0D4ADC-B4B8-44CD-9E52-51A907E54364}.Debug|x64.ActiveCfg = Debug|x64
		{FF0D4ADC-B4B8-44CD-9E52-51A907E54364}.Debug|x64.Build.0 = Debug|x64
		{FF0D4ADC-B4B8-44CD-9E52-51A907E54364}.Debug|x86.ActiveCfg = Debug|Win32
		{FF0D4ADC-B4B8-44CD-9E52-51A907E54364}.Debug|x86.Build.0 = Debug|Win32
		{FF0D4ADC-B4B8-44CD-9E52-51A907E54364}.Release|x64.ActiveCfg = Release|x64
		{FF0D4ADC-B4B8-44CD-9E52-51A907E54364}.Release|x64.Build.0 = Release|x64
		{FF0D4ADC-B4B8-44CD-9E52-51A907E54364}.Release|x86.ActiveCfg = Release|Win32
		{FF0D4ADC-B4B8-44CD-9E52-51A907E54364}.Release|x86.Build.0 = Release|Win32
		{85B3F5C7-2491-4547-B785-5E68BC2505CE}.Debug|x64.ActiveCfg = Debug|x64
		{85B3F5C7-2491-4547-B785-5E68BC2505CE}.Debug|x64.Build.0 = Debug|x64
		{85B3F5C7-2491-4547-B785-5E68BC2505CE}.Debug|x86.ActiveCfg = Debug|Win32
		{85B3F5C7-2491-4547-B785-5E68BC2505CE}.Debug|x86.Build.0 = Debug|Win32
		{85B3F5C7-2491-4547-B785-5E68BC2505CE}.Release|x64.ActiveCfg = Release|x64
		{85B3F5C7-2491-4547-B785-5E68BC2505CE}.Release|x64.Build.0 = Release|x64
		{85B3F5C7-2491-4547-B785-5E68BC2505CE}.Release|x86.ActiveCfg = Release|Win32
		{85B3F5C7-2491-4547-B785-5E68BC2505CE}.Release|x86.Build.0 = Release|Win32
		{A6CBE005-CA2A-4E3F-B83E-113176770C35}.Debug|x64.ActiveCfg = Debug|x64
		{A6CBE005-CA2A-4E3F-B83E-113176770C35}.Debug|x64.Build.0 = Debug|x64
		{A6CBE005-CA2A-4E3F-B83E-113176770C35}.Debug|x86.ActiveCfg = Debug|Win32
		{A6CBE005-CA2A-4E3F-B83E-113176770C35}.Debug|x86.Build.0 = Debug|Win32
		{A6CBE005-CA2A-4E3F-B83E-113176770C35}.Release|x64.ActiveCfg = Release|x64
		{A6CBE005-CA2A-4E3F-B83E-113176770C35}.Release|x64.Build.0 = Release|x64
		{A6CBE005-CA2A-4E3F-B83E-113176770C35}.Release|x86.ActiveCfg = Release|Win32
		{A6CBE005-CA2A-4E3F-B83E-113176770C35}.Release|x86.Build.0 = Release|Win32
		{FD6A5B76-130B-403C-B7C4-F52D0282EC6B}.Debug|x64.ActiveCfg = Debug|x64
		{FD6A5B76-130B-403C-B7C4-F52D0282EC6B}.Debug|x64.Build.0 = Debug|x64
		{FD6A5B76-130B-403C-B7C4-F52D0282EC6B}.Debug|x86.ActiveCfg = Debug|Win32
		{FD6A5B76-130B-403C-B7C4-F52D0282EC6B}.Debug|x86.Build.0 = Debug|Win32
		{FD6A5B76-130B-403C-B7C4-F52D0282EC6B}.Release|x64.ActiveCfg = Release|x64
		{FD6A5B76-130B-403C-B7C4-F52D0282EC6B}.Release|x64.Build.0 = Release|x64
		{FD6A5B76-130B-403C-B7C4-F52D0282EC6B}.Release|x86.ActiveCfg = Release|Win32
		{FD6A5B76-130B-403C-B7C4-F52D0282EC6B}.Release|x86.Build.0 = Release|Win32
		{FEBA87BC-0463-4B8F-8B6D-39ADD80C11BC}.Debug|x64.ActiveCfg = Debug|x64
		{FEBA87BC-0463-4B8F-8B6D-39ADD80C11BC}.Debug|x64.Build.0 = Debug|x64
		{FEBA87BC-0463-4B8F-8B6D-39ADD80C11BC}.Debug|x86.ActiveCfg = Debug|Win32
		{FEBA87BC-0463-4B8F-8B6D-39ADD80C11BC}.Debug|x86.Build.0 = Debug|Win32
		{FEBA87BC-0463-4B8F-8B6D-39ADD80C11BC}.Release|x64.ActiveCfg = Release|x64
		{FEBA87BC-0463-4B8F-8B6D-39ADD80C11BC}.Release|x64.Build.0 = Release|x64
		{FEBA87BC-0463-4B8F-8B6D-39ADD80C11BC}.Release|x86.ActiveCfg = Release|Win32
		{FEBA87BC-0463-4B8F-8B6D-39ADD80C11BC}.Release|x86.Build.0 = Release|Win32
		{442C5AE1-C000-4CCE-8BB0-3B05EAB0EAFF}.Debug|x64.ActiveCfg = Debug|x64
		{442C5AE1-C000-4CCE-8BB0-3B05EAB0EAFF}.Debug|x64.Build.0 = Debug|x64
		{442C5AE1-C000-4CCE-8BB0-3B05EAB0EAFF}.Debug|x86.ActiveCfg = Debug|Win32
		{442C5AE1-C000-4CCE-8BB0-3B05EAB0EAFF}.Debug|x86.Build.0 = Debug|Win32
		{442C5AE1-C000-4CCE-8BB0-3B05EAB0EAFF}.Release|x64.ActiveCfg = Release|x64
		{442C5AE1-C000-4CCE-8BB0-3B05EAB0EAFF}.Release|x64.Build.0 = Release|x64
		{442C5AE1-C000-4CCE-8BB0-3B05EAB0EAFF}.Release|x86.ActiveCfg = Release|Win32
		{442C5AE1-C000-4CCE-8BB0-3B05EAB0EAFF}.Release|x86.Build.0 = Release|Win32
		{8E912348-1858-4718-A127-D279619A850B}.Debug|x64.ActiveCfg = Debug|x64
		{8E912348-1858-4718-A127-D279619A850B}.Debug|x64.Build.0 = Debug|x64
		{8E912348-1858-4718-A127-D279619A850B}.Debug|x86.ActiveCfg = Debug|Win32
		{8E912348-1858-4718-A127-D279619A850B}.Debug|x86.Build.0 = Debug|Win32
		{8E912348-1858-4718-A127-D279619A850B}.Release|x64.ActiveCfg = Release|x64
		{8E912348-1858-4718-A127-D279619A850B}.Release|x64.Build.0 = Release|x64
		{8E912348-1858-4718-A127-D279619A850B}.Release|x86.ActiveCfg = Release|Win32
		{8E912348-1858-4718-A127-D279619A850B}.Release|x86.Build.0 = Release|Win32
		{AA24DA95-E4C8-43AC-B8B4-DBDB3FFD136C}.Debug|x64.ActiveCfg = Debug|x64
		{AA24DA95-E4C8-43AC-B8B4-DBDB3FFD136C}.Debug|x64.Build.0 = Debug|x64
		{AA24DA95-E4C8-43AC-B8B4-DBDB3FFD136C}.Debug|x86.ActiveCfg = Debug|Win32
		{AA24DA95-E4C8-43AC-B8B4-DBDB3FFD136C}.Debug|x86.Build.0 = Debug|Win32
		{AA24DA95-E4C8-43AC-B8B4-DBDB3FFD136C}.Release|x64.ActiveCfg = Release|x64
		{AA24DA95-E4C8-43AC-B8B4-DBDB3FFD136C}.Release|x64.Build.0 = Release|x64
		{AA24DA95-E4C8-43AC-B8B4-DBDB3FFD136C}.Release|x86.ActiveCfg = Release|Win32
		{AA24DA95-E4C8-43AC-B8B4-DBDB3FFD136C}.Release|x86.Build.0 = Release|Win32
		{2D55C1FE-6554-4941-9960-8825AC4E2926}.Debug|x64.ActiveCfg = Debug|x64
		{2D55C1FE-6554-4941-9960-8825AC4E2926}.Debug|x64.Build.0 = Debug|x64
		{2D55C1FE-6554-4941-9960-8825AC4E2926}.Debug|x86.ActiveCfg = Debug|Win32
		{2D55C1FE-6554-4941-9960-8825AC4E2926}.Debug|x86.Build.0 = Debug|Win32
		{2D55C1FE-6554-4941-9960-8825AC4E2926}.Release|x64.ActiveCfg = Release|x64
		{2D55C1FE-6554-4941-9960-8825AC4E2926}.Release|x64.Build.0 = Release|x64
		{2D55C1FE-6554-4941-9960-8825AC4E2926}.Release|x86.ActiveCfg = Release|Win32
		{2D55C1FE-6554-4941-9960-8825AC4E2926}.Release|x86.Build.0 = Release|Win32
		{558A1D27-5E19-4F60-9E9A-2940B5F88AD5}.Debug|x64.ActiveCfg = Debug|x64
		{558A1D27-5E19-4F60-9E9A-2940B5F88AD5}.Debug|x64.Build.0 = Debug|x64
		{558A1D27-5E19-4F60-9E9A-2940B5F88AD5}.Debug|x86.ActiveCfg = Debug|Win32
		{558A1D27-5E19-4F60-9E9A-2940B5F88AD5}.Debug|x86.Build.0 = Debug|Win32
		{558A1D27-5E19-4F60-9E9A-2940B5F88AD5}.Release|x64.ActiveCfg = Release|x64
		{558A1D27-5E19-4F60-9E9A-2940B5F88AD5}.Release|x64.Build.0 = Release|x64
		{558A1D27-5E19-4F60-9E9A-2940B5F88AD5}.Release|x86.ActiveCfg = Release|Win32
		{558A1D27-5E19-4F60-9E9A-2940B5F88AD5}.Release|x86.Build.0 = Release|Win32
	EndGlobalSection
	GlobalSection(SolutionProperties) = preSolution
		HideSolutionNode = FALSE
	EndGlobalSection
	GlobalSection(ExtensibilityGlobals) = postSolution
		SolutionGuid = {4D990F77-71D0-424C-B107-461D0D1B9882}
	EndGlobalSection
EndGlobal
